// !$*UTF8*$!
{
	archiveVersion = 1;
	classes = {
	};
	objectVersion = 50;
	objects = {

/* Begin PBXBuildFile section */
		9BE55B1825D74048001FF041 /* AppDelegate.swift in Sources */ = {isa = PBXBuildFile; fileRef = 9BE55B1725D74048001FF041 /* AppDelegate.swift */; };
		9BE55B1A25D74048001FF041 /* SceneDelegate.swift in Sources */ = {isa = PBXBuildFile; fileRef = 9BE55B1925D74048001FF041 /* SceneDelegate.swift */; };
		9BE55B1C25D74048001FF041 /* ViewController.swift in Sources */ = {isa = PBXBuildFile; fileRef = 9BE55B1B25D74048001FF041 /* ViewController.swift */; };
		9BE55B1F25D74048001FF041 /* Main.storyboard in Resources */ = {isa = PBXBuildFile; fileRef = 9BE55B1D25D74048001FF041 /* Main.storyboard */; };
		9BE55B2225D74048001FF041 /* SnackApp.xcdatamodeld in Sources */ = {isa = PBXBuildFile; fileRef = 9BE55B2025D74048001FF041 /* SnackApp.xcdatamodeld */; };
		9BE55B2425D74049001FF041 /* Assets.xcassets in Resources */ = {isa = PBXBuildFile; fileRef = 9BE55B2325D74049001FF041 /* Assets.xcassets */; };
		9BE55B2725D74049001FF041 /* LaunchScreen.storyboard in Resources */ = {isa = PBXBuildFile; fileRef = 9BE55B2525D74049001FF041 /* LaunchScreen.storyboard */; };
		9BE55B3225D7404A001FF041 /* SnackAppTests.swift in Sources */ = {isa = PBXBuildFile; fileRef = 9BE55B3125D7404A001FF041 /* SnackAppTests.swift */; };
		9BE55B3D25D7404A001FF041 /* SnackAppUITests.swift in Sources */ = {isa = PBXBuildFile; fileRef = 9BE55B3C25D7404A001FF041 /* SnackAppUITests.swift */; };
/* End PBXBuildFile section */

/* Begin PBXContainerItemProxy section */
		9BE55B2E25D7404A001FF041 /* PBXContainerItemProxy */ = {
			isa = PBXContainerItemProxy;
			containerPortal = 9BE55B0C25D74048001FF041 /* Project object */;
			proxyType = 1;
			remoteGlobalIDString = 9BE55B1325D74048001FF041;
			remoteInfo = SnackApp;
		};
		9BE55B3925D7404A001FF041 /* PBXContainerItemProxy */ = {
			isa = PBXContainerItemProxy;
			containerPortal = 9BE55B0C25D74048001FF041 /* Project object */;
			proxyType = 1;
			remoteGlobalIDString = 9BE55B1325D74048001FF041;
			remoteInfo = SnackApp;
		};
/* End PBXContainerItemProxy section */

/* Begin PBXFileReference section */
		9BE55B1425D74048001FF041 /* SnackApp.app */ = {isa = PBXFileReference; explicitFileType = wrapper.application; includeInIndex = 0; path = SnackApp.app; sourceTree = BUILT_PRODUCTS_DIR; };
		9BE55B1725D74048001FF041 /* AppDelegate.swift */ = {isa = PBXFileReference; lastKnownFileType = sourcecode.swift; path = AppDelegate.swift; sourceTree = "<group>"; };
		9BE55B1925D74048001FF041 /* SceneDelegate.swift */ = {isa = PBXFileReference; lastKnownFileType = sourcecode.swift; path = SceneDelegate.swift; sourceTree = "<group>"; };
		9BE55B1B25D74048001FF041 /* ViewController.swift */ = {isa = PBXFileReference; lastKnownFileType = sourcecode.swift; path = ViewController.swift; sourceTree = "<group>"; };
		9BE55B1E25D74048001FF041 /* Base */ = {isa = PBXFileReference; lastKnownFileType = file.storyboard; name = Base; path = Base.lproj/Main.storyboard; sourceTree = "<group>"; };
		9BE55B2125D74048001FF041 /* SnackApp.xcdatamodel */ = {isa = PBXFileReference; lastKnownFileType = wrapper.xcdatamodel; path = SnackApp.xcdatamodel; sourceTree = "<group>"; };
		9BE55B2325D74049001FF041 /* Assets.xcassets */ = {isa = PBXFileReference; lastKnownFileType = folder.assetcatalog; path = Assets.xcassets; sourceTree = "<group>"; };
		9BE55B2625D74049001FF041 /* Base */ = {isa = PBXFileReference; lastKnownFileType = file.storyboard; name = Base; path = Base.lproj/LaunchScreen.storyboard; sourceTree = "<group>"; };
		9BE55B2825D74049001FF041 /* Info.plist */ = {isa = PBXFileReference; lastKnownFileType = text.plist.xml; path = Info.plist; sourceTree = "<group>"; };
		9BE55B2D25D7404A001FF041 /* SnackAppTests.xctest */ = {isa = PBXFileReference; explicitFileType = wrapper.cfbundle; includeInIndex = 0; path = SnackAppTests.xctest; sourceTree = BUILT_PRODUCTS_DIR; };
		9BE55B3125D7404A001FF041 /* SnackAppTests.swift */ = {isa = PBXFileReference; lastKnownFileType = sourcecode.swift; path = SnackAppTests.swift; sourceTree = "<group>"; };
		9BE55B3325D7404A001FF041 /* Info.plist */ = {isa = PBXFileReference; lastKnownFileType = text.plist.xml; path = Info.plist; sourceTree = "<group>"; };
		9BE55B3825D7404A001FF041 /* SnackAppUITests.xctest */ = {isa = PBXFileReference; explicitFileType = wrapper.cfbundle; includeInIndex = 0; path = SnackAppUITests.xctest; sourceTree = BUILT_PRODUCTS_DIR; };
		9BE55B3C25D7404A001FF041 /* SnackAppUITests.swift */ = {isa = PBXFileReference; lastKnownFileType = sourcecode.swift; path = SnackAppUITests.swift; sourceTree = "<group>"; };
		9BE55B3E25D7404A001FF041 /* Info.plist */ = {isa = PBXFileReference; lastKnownFileType = text.plist.xml; path = Info.plist; sourceTree = "<group>"; };
/* End PBXFileReference section */

/* Begin PBXFrameworksBuildPhase section */
		9BE55B1125D74048001FF041 /* Frameworks */ = {
			isa = PBXFrameworksBuildPhase;
			buildActionMask = 2147483647;
			files = (
			);
			runOnlyForDeploymentPostprocessing = 0;
		};
		9BE55B2A25D7404A001FF041 /* Frameworks */ = {
			isa = PBXFrameworksBuildPhase;
			buildActionMask = 2147483647;
			files = (
			);
			runOnlyForDeploymentPostprocessing = 0;
		};
		9BE55B3525D7404A001FF041 /* Frameworks */ = {
			isa = PBXFrameworksBuildPhase;
			buildActionMask = 2147483647;
			files = (
			);
			runOnlyForDeploymentPostprocessing = 0;
		};
/* End PBXFrameworksBuildPhase section */

/* Begin PBXGroup section */
		9BE55B0B25D74048001FF041 = {
			isa = PBXGroup;
			children = (
				9BE55B1625D74048001FF041 /* SnackApp */,
				9BE55B3025D7404A001FF041 /* SnackAppTests */,
				9BE55B3B25D7404A001FF041 /* SnackAppUITests */,
				9BE55B1525D74048001FF041 /* Products */,
			);
			sourceTree = "<group>";
		};
		9BE55B1525D74048001FF041 /* Products */ = {
			isa = PBXGroup;
			children = (
				9BE55B1425D74048001FF041 /* SnackApp.app */,
				9BE55B2D25D7404A001FF041 /* SnackAppTests.xctest */,
				9BE55B3825D7404A001FF041 /* SnackAppUITests.xctest */,
			);
			name = Products;
			sourceTree = "<group>";
		};
		9BE55B1625D74048001FF041 /* SnackApp */ = {
			isa = PBXGroup;
			children = (
				9BE55B1725D74048001FF041 /* AppDelegate.swift */,
				9BE55B1925D74048001FF041 /* SceneDelegate.swift */,
				9BE55B1B25D74048001FF041 /* ViewController.swift */,
				9BE55B1D25D74048001FF041 /* Main.storyboard */,
				9BE55B2325D74049001FF041 /* Assets.xcassets */,
				9BE55B2525D74049001FF041 /* LaunchScreen.storyboard */,
				9BE55B2825D74049001FF041 /* Info.plist */,
				9BE55B2025D74048001FF041 /* SnackApp.xcdatamodeld */,
			);
			path = SnackApp;
			sourceTree = "<group>";
		};
		9BE55B3025D7404A001FF041 /* SnackAppTests */ = {
			isa = PBXGroup;
			children = (
				9BE55B3125D7404A001FF041 /* SnackAppTests.swift */,
				9BE55B3325D7404A001FF041 /* Info.plist */,
			);
			path = SnackAppTests;
			sourceTree = "<group>";
		};
		9BE55B3B25D7404A001FF041 /* SnackAppUITests */ = {
			isa = PBXGroup;
			children = (
				9BE55B3C25D7404A001FF041 /* SnackAppUITests.swift */,
				9BE55B3E25D7404A001FF041 /* Info.plist */,
			);
			path = SnackAppUITests;
			sourceTree = "<group>";
		};
/* End PBXGroup section */

/* Begin PBXNativeTarget section */
		9BE55B1325D74048001FF041 /* SnackApp */ = {
			isa = PBXNativeTarget;
			buildConfigurationList = 9BE55B4125D7404A001FF041 /* Build configuration list for PBXNativeTarget "SnackApp" */;
			buildPhases = (
				9BE55B1025D74048001FF041 /* Sources */,
				9BE55B1125D74048001FF041 /* Frameworks */,
				9BE55B1225D74048001FF041 /* Resources */,
			);
			buildRules = (
			);
			dependencies = (
			);
			name = SnackApp;
			productName = SnackApp;
			productReference = 9BE55B1425D74048001FF041 /* SnackApp.app */;
			productType = "com.apple.product-type.application";
		};
		9BE55B2C25D7404A001FF041 /* SnackAppTests */ = {
			isa = PBXNativeTarget;
			buildConfigurationList = 9BE55B4425D7404A001FF041 /* Build configuration list for PBXNativeTarget "SnackAppTests" */;
			buildPhases = (
				9BE55B2925D7404A001FF041 /* Sources */,
				9BE55B2A25D7404A001FF041 /* Frameworks */,
				9BE55B2B25D7404A001FF041 /* Resources */,
			);
			buildRules = (
			);
			dependencies = (
				9BE55B2F25D7404A001FF041 /* PBXTargetDependency */,
			);
			name = SnackAppTests;
			productName = SnackAppTests;
			productReference = 9BE55B2D25D7404A001FF041 /* SnackAppTests.xctest */;
			productType = "com.apple.product-type.bundle.unit-test";
		};
		9BE55B3725D7404A001FF041 /* SnackAppUITests */ = {
			isa = PBXNativeTarget;
			buildConfigurationList = 9BE55B4725D7404A001FF041 /* Build configuration list for PBXNativeTarget "SnackAppUITests" */;
			buildPhases = (
				9BE55B3425D7404A001FF041 /* Sources */,
				9BE55B3525D7404A001FF041 /* Frameworks */,
				9BE55B3625D7404A001FF041 /* Resources */,
			);
			buildRules = (
			);
			dependencies = (
				9BE55B3A25D7404A001FF041 /* PBXTargetDependency */,
			);
			name = SnackAppUITests;
			productName = SnackAppUITests;
			productReference = 9BE55B3825D7404A001FF041 /* SnackAppUITests.xctest */;
			productType = "com.apple.product-type.bundle.ui-testing";
		};
/* End PBXNativeTarget section */

/* Begin PBXProject section */
		9BE55B0C25D74048001FF041 /* Project object */ = {
			isa = PBXProject;
			attributes = {
				LastSwiftUpdateCheck = 1140;
				LastUpgradeCheck = 1140;
				ORGANIZATIONNAME = KouMitobe;
				TargetAttributes = {
					9BE55B1325D74048001FF041 = {
						CreatedOnToolsVersion = 11.4;
					};
					9BE55B2C25D7404A001FF041 = {
						CreatedOnToolsVersion = 11.4;
						TestTargetID = 9BE55B1325D74048001FF041;
					};
					9BE55B3725D7404A001FF041 = {
						CreatedOnToolsVersion = 11.4;
						TestTargetID = 9BE55B1325D74048001FF041;
					};
				};
			};
			buildConfigurationList = 9BE55B0F25D74048001FF041 /* Build configuration list for PBXProject "SnackApp" */;
			compatibilityVersion = "Xcode 9.3";
			developmentRegion = en;
			hasScannedForEncodings = 0;
			knownRegions = (
				en,
				Base,
			);
			mainGroup = 9BE55B0B25D74048001FF041;
			productRefGroup = 9BE55B1525D74048001FF041 /* Products */;
			projectDirPath = "";
			projectRoot = "";
			targets = (
				9BE55B1325D74048001FF041 /* SnackApp */,
				9BE55B2C25D7404A001FF041 /* SnackAppTests */,
				9BE55B3725D7404A001FF041 /* SnackAppUITests */,
			);
		};
/* End PBXProject section */

/* Begin PBXResourcesBuildPhase section */
		9BE55B1225D74048001FF041 /* Resources */ = {
			isa = PBXResourcesBuildPhase;
			buildActionMask = 2147483647;
			files = (
				9BE55B2725D74049001FF041 /* LaunchScreen.storyboard in Resources */,
				9BE55B2425D74049001FF041 /* Assets.xcassets in Resources */,
				9BE55B1F25D74048001FF041 /* Main.storyboard in Resources */,
			);
			runOnlyForDeploymentPostprocessing = 0;
		};
		9BE55B2B25D7404A001FF041 /* Resources */ = {
			isa = PBXResourcesBuildPhase;
			buildActionMask = 2147483647;
			files = (
			);
			runOnlyForDeploymentPostprocessing = 0;
		};
		9BE55B3625D7404A001FF041 /* Resources */ = {
			isa = PBXResourcesBuildPhase;
			buildActionMask = 2147483647;
			files = (
			);
			runOnlyForDeploymentPostprocessing = 0;
		};
/* End PBXResourcesBuildPhase section */

/* Begin PBXSourcesBuildPhase section */
		9BE55B1025D74048001FF041 /* Sources */ = {
			isa = PBXSourcesBuildPhase;
			buildActionMask = 2147483647;
			files = (
				9BE55B1C25D74048001FF041 /* ViewController.swift in Sources */,
				9BE55B1825D74048001FF041 /* AppDelegate.swift in Sources */,
				9BE55B2225D74048001FF041 /* SnackApp.xcdatamodeld in Sources */,
				9BE55B1A25D74048001FF041 /* SceneDelegate.swift in Sources */,
			);
			runOnlyForDeploymentPostprocessing = 0;
		};
		9BE55B2925D7404A001FF041 /* Sources */ = {
			isa = PBXSourcesBuildPhase;
			buildActionMask = 2147483647;
			files = (
				9BE55B3225D7404A001FF041 /* SnackAppTests.swift in Sources */,
			);
			runOnlyForDeploymentPostprocessing = 0;
		};
		9BE55B3425D7404A001FF041 /* Sources */ = {
			isa = PBXSourcesBuildPhase;
			buildActionMask = 2147483647;
			files = (
				9BE55B3D25D7404A001FF041 /* SnackAppUITests.swift in Sources */,
			);
			runOnlyForDeploymentPostprocessing = 0;
		};
/* End PBXSourcesBuildPhase section */

/* Begin PBXTargetDependency section */
		9BE55B2F25D7404A001FF041 /* PBXTargetDependency */ = {
			isa = PBXTargetDependency;
			target = 9BE55B1325D74048001FF041 /* SnackApp */;
			targetProxy = 9BE55B2E25D7404A001FF041 /* PBXContainerItemProxy */;
		};
		9BE55B3A25D7404A001FF041 /* PBXTargetDependency */ = {
			isa = PBXTargetDependency;
			target = 9BE55B1325D74048001FF041 /* SnackApp */;
			targetProxy = 9BE55B3925D7404A001FF041 /* PBXContainerItemProxy */;
		};
/* End PBXTargetDependency section */

/* Begin PBXVariantGroup section */
		9BE55B1D25D74048001FF041 /* Main.storyboard */ = {
			isa = PBXVariantGroup;
			children = (
				9BE55B1E25D74048001FF041 /* Base */,
			);
			name = Main.storyboard;
			sourceTree = "<group>";
		};
		9BE55B2525D74049001FF041 /* LaunchScreen.storyboard */ = {
			isa = PBXVariantGroup;
			children = (
				9BE55B2625D74049001FF041 /* Base */,
			);
			name = LaunchScreen.storyboard;
			sourceTree = "<group>";
		};
/* End PBXVariantGroup section */

/* Begin XCBuildConfiguration section */
		9BE55B3F25D7404A001FF041 /* Debug */ = {
			isa = XCBuildConfiguration;
			buildSettings = {
				ALWAYS_SEARCH_USER_PATHS = NO;
				CLANG_ANALYZER_NONNULL = YES;
				CLANG_ANALYZER_NUMBER_OBJECT_CONVERSION = YES_AGGRESSIVE;
				CLANG_CXX_LANGUAGE_STANDARD = "gnu++14";
				CLANG_CXX_LIBRARY = "libc++";
				CLANG_ENABLE_MODULES = YES;
				CLANG_ENABLE_OBJC_ARC = YES;
				CLANG_ENABLE_OBJC_WEAK = YES;
				CLANG_WARN_BLOCK_CAPTURE_AUTORELEASING = YES;
				CLANG_WARN_BOOL_CONVERSION = YES;
				CLANG_WARN_COMMA = YES;
				CLANG_WARN_CONSTANT_CONVERSION = YES;
				CLANG_WARN_DEPRECATED_OBJC_IMPLEMENTATIONS = YES;
				CLANG_WARN_DIRECT_OBJC_ISA_USAGE = YES_ERROR;
				CLANG_WARN_DOCUMENTATION_COMMENTS = YES;
				CLANG_WARN_EMPTY_BODY = YES;
				CLANG_WARN_ENUM_CONVERSION = YES;
				CLANG_WARN_INFINITE_RECURSION = YES;
				CLANG_WARN_INT_CONVERSION = YES;
				CLANG_WARN_NON_LITERAL_NULL_CONVERSION = YES;
				CLANG_WARN_OBJC_IMPLICIT_RETAIN_SELF = YES;
				CLANG_WARN_OBJC_LITERAL_CONVERSION = YES;
				CLANG_WARN_OBJC_ROOT_CLASS = YES_ERROR;
				CLANG_WARN_RANGE_LOOP_ANALYSIS = YES;
				CLANG_WARN_STRICT_PROTOTYPES = YES;
				CLANG_WARN_SUSPICIOUS_MOVE = YES;
				CLANG_WARN_UNGUARDED_AVAILABILITY = YES_AGGRESSIVE;
				CLANG_WARN_UNREACHABLE_CODE = YES;
				CLANG_WARN__DUPLICATE_METHOD_MATCH = YES;
				COPY_PHASE_STRIP = NO;
				DEBUG_INFORMATION_FORMAT = dwarf;
				ENABLE_STRICT_OBJC_MSGSEND = YES;
				ENABLE_TESTABILITY = YES;
				GCC_C_LANGUAGE_STANDARD = gnu11;
				GCC_DYNAMIC_NO_PIC = NO;
				GCC_NO_COMMON_BLOCKS = YES;
				GCC_OPTIMIZATION_LEVEL = 0;
				GCC_PREPROCESSOR_DEFINITIONS = (
					"DEBUG=1",
					"$(inherited)",
				);
				GCC_WARN_64_TO_32_BIT_CONVERSION = YES;
				GCC_WARN_ABOUT_RETURN_TYPE = YES_ERROR;
				GCC_WARN_UNDECLARED_SELECTOR = YES;
				GCC_WARN_UNINITIALIZED_AUTOS = YES_AGGRESSIVE;
				GCC_WARN_UNUSED_FUNCTION = YES;
				GCC_WARN_UNUSED_VARIABLE = YES;
				IPHONEOS_DEPLOYMENT_TARGET = 13.4;
				MTL_ENABLE_DEBUG_INFO = INCLUDE_SOURCE;
				MTL_FAST_MATH = YES;
				ONLY_ACTIVE_ARCH = YES;
				SDKROOT = iphoneos;
				SWIFT_ACTIVE_COMPILATION_CONDITIONS = DEBUG;
				SWIFT_OPTIMIZATION_LEVEL = "-Onone";
			};
			name = Debug;
		};
		9BE55B4025D7404A001FF041 /* Release */ = {
			isa = XCBuildConfiguration;
			buildSettings = {
				ALWAYS_SEARCH_USER_PATHS = NO;
				CLANG_ANALYZER_NONNULL = YES;
				CLANG_ANALYZER_NUMBER_OBJECT_CONVERSION = YES_AGGRESSIVE;
				CLANG_CXX_LANGUAGE_STANDARD = "gnu++14";
				CLANG_CXX_LIBRARY = "libc++";
				CLANG_ENABLE_MODULES = YES;
				CLANG_ENABLE_OBJC_ARC = YES;
				CLANG_ENABLE_OBJC_WEAK = YES;
				CLANG_WARN_BLOCK_CAPTURE_AUTORELEASING = YES;
				CLANG_WARN_BOOL_CONVERSION = YES;
				CLANG_WARN_COMMA = YES;
				CLANG_WARN_CONSTANT_CONVERSION = YES;
				CLANG_WARN_DEPRECATED_OBJC_IMPLEMENTATIONS = YES;
				CLANG_WARN_DIRECT_OBJC_ISA_USAGE = YES_ERROR;
				CLANG_WARN_DOCUMENTATION_COMMENTS = YES;
				CLANG_WARN_EMPTY_BODY = YES;
				CLANG_WARN_ENUM_CONVERSION = YES;
				CLANG_WARN_INFINITE_RECURSION = YES;
				CLANG_WARN_INT_CONVERSION = YES;
				CLANG_WARN_NON_LITERAL_NULL_CONVERSION = YES;
				CLANG_WARN_OBJC_IMPLICIT_RETAIN_SELF = YES;
				CLANG_WARN_OBJC_LITERAL_CONVERSION = YES;
				CLANG_WARN_OBJC_ROOT_CLASS = YES_ERROR;
				CLANG_WARN_RANGE_LOOP_ANALYSIS = YES;
				CLANG_WARN_STRICT_PROTOTYPES = YES;
				CLANG_WARN_SUSPICIOUS_MOVE = YES;
				CLANG_WARN_UNGUARDED_AVAILABILITY = YES_AGGRESSIVE;
				CLANG_WARN_UNREACHABLE_CODE = YES;
				CLANG_WARN__DUPLICATE_METHOD_MATCH = YES;
				COPY_PHASE_STRIP = NO;
				DEBUG_INFORMATION_FORMAT = "dwarf-with-dsym";
				ENABLE_NS_ASSERTIONS = NO;
				ENABLE_STRICT_OBJC_MSGSEND = YES;
				GCC_C_LANGUAGE_STANDARD = gnu11;
				GCC_NO_COMMON_BLOCKS = YES;
				GCC_WARN_64_TO_32_BIT_CONVERSION = YES;
				GCC_WARN_ABOUT_RETURN_TYPE = YES_ERROR;
				GCC_WARN_UNDECLARED_SELECTOR = YES;
				GCC_WARN_UNINITIALIZED_AUTOS = YES_AGGRESSIVE;
				GCC_WARN_UNUSED_FUNCTION = YES;
				GCC_WARN_UNUSED_VARIABLE = YES;
				IPHONEOS_DEPLOYMENT_TARGET = 13.4;
				MTL_ENABLE_DEBUG_INFO = NO;
				MTL_FAST_MATH = YES;
				SDKROOT = iphoneos;
				SWIFT_COMPILATION_MODE = wholemodule;
				SWIFT_OPTIMIZATION_LEVEL = "-O";
				VALIDATE_PRODUCT = YES;
			};
			name = Release;
		};
		9BE55B4225D7404A001FF041 /* Debug */ = {
			isa = XCBuildConfiguration;
			buildSettings = {
				ASSETCATALOG_COMPILER_APPICON_NAME = AppIcon;
				CODE_SIGN_STYLE = Automatic;
				DEVELOPMENT_TEAM = M2UV467VN3;
				INFOPLIST_FILE = SnackApp/Info.plist;
				LD_RUNPATH_SEARCH_PATHS = (
					"$(inherited)",
					"@executable_path/Frameworks",
				);
				PRODUCT_BUNDLE_IDENTIFIER = com.kouMitobe.SnackApp;
				PRODUCT_NAME = "$(TARGET_NAME)";
				SWIFT_VERSION = 5.0;
				TARGETED_DEVICE_FAMILY = "1,2";
			};
			name = Debug;
		};
		9BE55B4325D7404A001FF041 /* Release */ = {
			isa = XCBuildConfiguration;
			buildSettings = {
				ASSETCATALOG_COMPILER_APPICON_NAME = AppIcon;
				CODE_SIGN_STYLE = Automatic;
				DEVELOPMENT_TEAM = M2UV467VN3;
				INFOPLIST_FILE = SnackApp/Info.plist;
				LD_RUNPATH_SEARCH_PATHS = (
					"$(inherited)",
					"@executable_path/Frameworks",
				);
				PRODUCT_BUNDLE_IDENTIFIER = com.kouMitobe.SnackApp;
				PRODUCT_NAME = "$(TARGET_NAME)";
				SWIFT_VERSION = 5.0;
				TARGETED_DEVICE_FAMILY = "1,2";
			};
			name = Release;
		};
		9BE55B4525D7404A001FF041 /* Debug */ = {
			isa = XCBuildConfiguration;
			buildSettings = {
				ALWAYS_EMBED_SWIFT_STANDARD_LIBRARIES = YES;
				BUNDLE_LOADER = "$(TEST_HOST)";
				CODE_SIGN_STYLE = Automatic;
				DEVELOPMENT_TEAM = M2UV467VN3;
				INFOPLIST_FILE = SnackAppTests/Info.plist;
				IPHONEOS_DEPLOYMENT_TARGET = 13.4;
				LD_RUNPATH_SEARCH_PATHS = (
					"$(inherited)",
					"@executable_path/Frameworks",
					"@loader_path/Frameworks",
				);
				PRODUCT_BUNDLE_IDENTIFIER = com.kouMitobe.SnackAppTests;
				PRODUCT_NAME = "$(TARGET_NAME)";
				SWIFT_VERSION = 5.0;
				TARGETED_DEVICE_FAMILY = "1,2";
				TEST_HOST = "$(BUILT_PRODUCTS_DIR)/SnackApp.app/SnackApp";
			};
			name = Debug;
		};
		9BE55B4625D7404A001FF041 /* Release */ = {
			isa = XCBuildConfiguration;
			buildSettings = {
				ALWAYS_EMBED_SWIFT_STANDARD_LIBRARIES = YES;
				BUNDLE_LOADER = "$(TEST_HOST)";
				CODE_SIGN_STYLE = Automatic;
				DEVELOPMENT_TEAM = M2UV467VN3;
				INFOPLIST_FILE = SnackAppTests/Info.plist;
				IPHONEOS_DEPLOYMENT_TARGET = 13.4;
				LD_RUNPATH_SEARCH_PATHS = (
					"$(inherited)",
					"@executable_path/Frameworks",
					"@loader_path/Frameworks",
				);
				PRODUCT_BUNDLE_IDENTIFIER = com.kouMitobe.SnackAppTests;
				PRODUCT_NAME = "$(TARGET_NAME)";
				SWIFT_VERSION = 5.0;
				TARGETED_DEVICE_FAMILY = "1,2";
				TEST_HOST = "$(BUILT_PRODUCTS_DIR)/SnackApp.app/SnackApp";
			};
			name = Release;
		};
		9BE55B4825D7404A001FF041 /* Debug */ = {
			isa = XCBuildConfiguration;
			buildSettings = {
				ALWAYS_EMBED_SWIFT_STANDARD_LIBRARIES = YES;
				CODE_SIGN_STYLE = Automatic;
				DEVELOPMENT_TEAM = M2UV467VN3;
				INFOPLIST_FILE = SnackAppUITests/Info.plist;
				LD_RUNPATH_SEARCH_PATHS = (
					"$(inherited)",
					"@executable_path/Frameworks",
					"@loader_path/Frameworks",
				);
				PRODUCT_BUNDLE_IDENTIFIER = com.kouMitobe.SnackAppUITests;
				PRODUCT_NAME = "$(TARGET_NAME)";
				SWIFT_VERSION = 5.0;
				TARGETED_DEVICE_FAMILY = "1,2";
				TEST_TARGET_NAME = SnackApp;
			};
			name = Debug;
		};
		9BE55B4925D7404A001FF041 /* Release */ = {
			isa = XCBuildConfiguration;
			buildSettings = {
				ALWAYS_EMBED_SWIFT_STANDARD_LIBRARIES = YES;
				CODE_SIGN_STYLE = Automatic;
				DEVELOPMENT_TEAM = M2UV467VN3;
				INFOPLIST_FILE = SnackAppUITests/Info.plist;
				LD_RUNPATH_SEARCH_PATHS = (
					"$(inherited)",
					"@executable_path/Frameworks",
					"@loader_path/Frameworks",
				);
				PRODUCT_BUNDLE_IDENTIFIER = com.kouMitobe.SnackAppUITests;
				PRODUCT_NAME = "$(TARGET_NAME)";
				SWIFT_VERSION = 5.0;
				TARGETED_DEVICE_FAMILY = "1,2";
				TEST_TARGET_NAME = SnackApp;
			};
			name = Release;
		};
/* End XCBuildConfiguration section */

/* Begin XCConfigurationList section */
		9BE55B0F25D74048001FF041 /* Build configuration list for PBXProject "SnackApp" */ = {
			isa = XCConfigurationList;
			buildConfigurations = (
				9BE55B3F25D7404A001FF041 /* Debug */,
				9BE55B4025D7404A001FF041 /* Release */,
			);
			defaultConfigurationIsVisible = 0;
			defaultConfigurationName = Release;
		};
		9BE55B4125D7404A001FF041 /* Build configuration list for PBXNativeTarget "SnackApp" */ = {
			isa = XCConfigurationList;
			buildConfigurations = (
				9BE55B4225D7404A001FF041 /* Debug */,
				9BE55B4325D7404A001FF041 /* Release */,
			);
			defaultConfigurationIsVisible = 0;
			defaultConfigurationName = Release;
		};
		9BE55B4425D7404A001FF041 /* Build configuration list for PBXNativeTarget "SnackAppTests" */ = {
			isa = XCConfigurationList;
			buildConfigurations = (
				9BE55B4525D7404A001FF041 /* Debug */,
				9BE55B4625D7404A001FF041 /* Release */,
			);
			defaultConfigurationIsVisible = 0;
			defaultConfigurationName = Release;
		};
		9BE55B4725D7404A001FF041 /* Build configuration list for PBXNativeTarget "SnackAppUITests" */ = {
			isa = XCConfigurationList;
			buildConfigurations = (
				9BE55B4825D7404A001FF041 /* Debug */,
				9BE55B4925D7404A001FF041 /* Release */,
			);
			defaultConfigurationIsVisible = 0;
			defaultConfigurationName = Release;
		};
/* End XCConfigurationList section */

/* Begin XCVersionGroup section */
		9BE55B2025D74048001FF041 /* SnackApp.xcdatamodeld */ = {
			isa = XCVersionGroup;
			children = (
				9BE55B2125D74048001FF041 /* SnackApp.xcdatamodel */,
			);
			currentVersion = 9BE55B2125D74048001FF041 /* SnackApp.xcdatamodel */;
			path = SnackApp.xcdatamodeld;
			sourceTree = "<group>";
			versionGroupType = wrapper.xcdatamodel;
		};
/* End XCVersionGroup section */
	};
	rootObject = 9BE55B0C25D74048001FF041 /* Project object */;
}
